
Microsoft Visual Studio Solution File, Format Version 12.00
# Visual Studio Version 17
VisualStudioVersion = 17.10.34928.147
MinimumVisualStudioVersion = 10.0.40219.1
Project("{9A19103F-16F7-4668-BE54-9A1E7A4F7556}") = "Application", "Application\Application.csproj", "{BAA1E864-1171-4477-8A1A-C8362B5095B0}"
	ProjectSection(ProjectDependencies) = postProject
		{0EF55968-45DD-4DCE-972E-873FA0DD5C21} = {0EF55968-45DD-4DCE-972E-873FA0DD5C21}
	EndProjectSection
EndProject
Project("{9A19103F-16F7-4668-BE54-9A1E7A4F7556}") = "Domain", "Domain\Domain.csproj", "{0EF55968-45DD-4DCE-972E-873FA0DD5C21}"
EndProject
Project("{9A19103F-16F7-4668-BE54-9A1E7A4F7556}") = "Presentation", "Presentation\Presentation.csproj", "{1EF44139-D406-4022-BCDE-C63D5671835C}"
	ProjectSection(ProjectDependencies) = postProject
		{9274609D-9ED3-477F-BD6C-27732561317B} = {9274609D-9ED3-477F-BD6C-27732561317B}
		{BAA1E864-1171-4477-8A1A-C8362B5095B0} = {BAA1E864-1171-4477-8A1A-C8362B5095B0}
	EndProjectSection
EndProject
Project("{9A19103F-16F7-4668-BE54-9A1E7A4F7556}") = "Infrastructure", "Infrastructure\Infrastructure.csproj", "{9274609D-9ED3-477F-BD6C-27732561317B}"
	ProjectSection(ProjectDependencies) = postProject
		{0EF55968-45DD-4DCE-972E-873FA0DD5C21} = {0EF55968-45DD-4DCE-972E-873FA0DD5C21}
		{BAA1E864-1171-4477-8A1A-C8362B5095B0} = {BAA1E864-1171-4477-8A1A-C8362B5095B0}
	EndProjectSection
EndProject
Global
	GlobalSection(SolutionConfigurationPlatforms) = preSolution
		Debug|Any CPU = Debug|Any CPU
		Release|Any CPU = Release|Any CPU
	EndGlobalSection
	GlobalSection(ProjectConfigurationPlatforms) = postSolution
		{BAA1E864-1171-4477-8A1A-C8362B5095B0}.Debug|Any CPU.ActiveCfg = Debug|Any CPU
		{BAA1E864-1171-4477-8A1A-C8362B5095B0}.Debug|Any CPU.Build.0 = Debug|Any CPU
		{BAA1E864-1171-4477-8A1A-C8362B5095B0}.Release|Any CPU.ActiveCfg = Release|Any CPU
		{BAA1E864-1171-4477-8A1A-C8362B5095B0}.Release|Any CPU.Build.0 = Release|Any CPU
		{0EF55968-45DD-4DCE-972E-873FA0DD5C21}.Debug|Any CPU.ActiveCfg = Debug|Any CPU
		{0EF55968-45DD-4DCE-972E-873FA0DD5C21}.Debug|Any CPU.Build.0 = Debug|Any CPU
		{0EF55968-45DD-4DCE-972E-873FA0DD5C21}.Release|Any CPU.ActiveCfg = Release|Any CPU
		{0EF55968-45DD-4DCE-972E-873FA0DD5C21}.Release|Any CPU.Build.0 = Release|Any CPU
		{1EF44139-D406-4022-BCDE-C63D5671835C}.Debug|Any CPU.ActiveCfg = Debug|Any CPU
		{1EF44139-D406-4022-BCDE-C63D5671835C}.Debug|Any CPU.Build.0 = Debug|Any CPU
		{1EF44139-D406-4022-BCDE-C63D5671835C}.Release|Any CPU.ActiveCfg = Release|Any CPU
		{1EF44139-D406-4022-BCDE-C63D5671835C}.Release|Any CPU.Build.0 = Release|Any CPU
		{9274609D-9ED3-477F-BD6C-27732561317B}.Debug|Any CPU.ActiveCfg = Debug|Any CPU
		{9274609D-9ED3-477F-BD6C-27732561317B}.Debug|Any CPU.Build.0 = Debug|Any CPU
		{9274609D-9ED3-477F-BD6C-27732561317B}.Release|Any CPU.ActiveCfg = Release|Any CPU
		{9274609D-9ED3-477F-BD6C-27732561317B}.Release|Any CPU.Build.0 = Release|Any CPU
	EndGlobalSection
	GlobalSection(SolutionProperties) = preSolution
		HideSolutionNode = FALSE
	EndGlobalSection
	GlobalSection(ExtensibilityGlobals) = postSolution
		SolutionGuid = {38C2B06C-03FE-444A-A718-E784ECFC74F7}
	EndGlobalSection
EndGlobal
